{
  "requires": true,
  "lockfileVersion": 1,
  "dependencies": {
    "husky": {
      "version": "5.1.0",
      "resolved": "https://registry.npmjs.org/husky/-/husky-5.1.0.tgz",
      "integrity": "sha512-Os0EY2haOO+59YZSwMiUDsHY43RFwBVIRStHcnnT8/kvA+sFfaA/YS4uLFRiymXYgQl6E6TQTt3y4v/Z2ctEtw=="
    }
  }
}
