# THIS IS AN AUTOGENERATED FILE. DO NOT EDIT THIS FILE DIRECTLY.
# yarn lockfile v1


husky@^5.0.9:
  version "5.0.9"
  resolved "https://registry.yarnpkg.com/husky/-/husky-5.0.9.tgz#6d38706643d66ed395bcd4ee952d02e3f15eb3a3"
  integrity sha512-0SjcaY21a+IRdx7p7r/X33Vc09UR2m8SbP8yfkhUX2/jAmwcz+GR7i9jXkp2pP3GfX23JhMkVP6SWwXB18uXtg==
