# THIS IS AN AUTOGENERATED FILE. DO NOT EDIT THIS FILE DIRECTLY.
# yarn lockfile v1


flat@^5.0.2:
  version "5.0.2"
  resolved "https://registry.yarnpkg.com/flat/-/flat-5.0.2.tgz#8ca6fe332069ffa9d324c327198c598259ceb241"
  integrity sha512-b6suED+5/3rTpUBdG1gupIl8MPFCAMA0QXwmljLhvCUKcUvdE4gWky9zpuGCcXHOsz4J9wPGNWq6OKpmIzz3hQ==

husky@^5.0.9:
  version "5.0.9"
  resolved "https://registry.yarnpkg.com/husky/-/husky-5.0.9.tgz#6d38706643d66ed395bcd4ee952d02e3f15eb3a3"
  integrity sha512-0SjcaY21a+IRdx7p7r/X33Vc09UR2m8SbP8yfkhUX2/jAmwcz+GR7i9jXkp2pP3GfX23JhMkVP6SWwXB18uXtg==
